// !$*UTF8*$!
{
	archiveVersion = 1;
	classes = {
	};
	objectVersion = 56;
	objects = {

/* Begin PBXBuildFile section */
		72012FA42B0DACB600B5BD71 /* PhotoPreviewView.swift in Sources */ = {isa = PBXBuildFile; fileRef = 72012FA32B0DACB600B5BD71 /* PhotoPreviewView.swift */; };
		7209E38D2B12EBD200FC44D3 /* Nuke in Frameworks */ = {isa = PBXBuildFile; productRef = 7209E38C2B12EBD200FC44D3 /* Nuke */; };
		7209E38F2B12EBD200FC44D3 /* NukeExtensions in Frameworks */ = {isa = PBXBuildFile; productRef = 7209E38E2B12EBD200FC44D3 /* NukeExtensions */; };
		7209E3912B12EBD200FC44D3 /* NukeUI in Frameworks */ = {isa = PBXBuildFile; productRef = 7209E3902B12EBD200FC44D3 /* NukeUI */; };
		7209E3932B12EBD200FC44D3 /* NukeVideo in Frameworks */ = {isa = PBXBuildFile; productRef = 7209E3922B12EBD200FC44D3 /* NukeVideo */; };
		7223A54E2B2567DF009D6704 /* Kingfisher in Frameworks */ = {isa = PBXBuildFile; productRef = 7223A54D2B2567DF009D6704 /* Kingfisher */; };
		72576F662B1466690064A362 /* SearchMusicView.swift in Sources */ = {isa = PBXBuildFile; fileRef = 72576F652B1466690064A362 /* SearchMusicView.swift */; };
		72576F732B16E5020064A362 /* Main ContentModel.swift in Sources */ = {isa = PBXBuildFile; fileRef = 72576F722B16E5020064A362 /* Main ContentModel.swift */; };
		72576F752B16F58B0064A362 /* PhotoPreviewViewModel.swift in Sources */ = {isa = PBXBuildFile; fileRef = 72576F742B16F58B0064A362 /* PhotoPreviewViewModel.swift */; };
		72576F772B16FD740064A362 /* UIImage.swift in Sources */ = {isa = PBXBuildFile; fileRef = 72576F762B16FD740064A362 /* UIImage.swift */; };
		72576F7B2B17010E0064A362 /* searchMusicViewModel.swift in Sources */ = {isa = PBXBuildFile; fileRef = 72576F7A2B17010E0064A362 /* searchMusicViewModel.swift */; };
		7265CACA2AEFED71000058BC /* GoogleService-Info.plist in Resources */ = {isa = PBXBuildFile; fileRef = 7265CAC92AEFED71000058BC /* GoogleService-Info.plist */; };
		7266BF332AF374BE000D711B /* ImagePicker.swift in Sources */ = {isa = PBXBuildFile; fileRef = 7266BF322AF374BE000D711B /* ImagePicker.swift */; };
		7279F4252B13802900A64739 /* ProfileView.swift in Sources */ = {isa = PBXBuildFile; fileRef = 7279F4242B13802900A64739 /* ProfileView.swift */; };
		7279F4272B13837E00A64739 /* TabView.swift in Sources */ = {isa = PBXBuildFile; fileRef = 7279F4262B13837E00A64739 /* TabView.swift */; };
		728384552B2055E20098856E /* FirebaseMusic.swift in Sources */ = {isa = PBXBuildFile; fileRef = 728384542B2055E20098856E /* FirebaseMusic.swift */; };
		728EFB092AEE1C10008C079B /* sotsugyoApp.swift in Sources */ = {isa = PBXBuildFile; fileRef = 728EFB082AEE1C10008C079B /* sotsugyoApp.swift */; };
		728EFB0B2AEE1C10008C079B /* MainContentView.swift in Sources */ = {isa = PBXBuildFile; fileRef = 728EFB0A2AEE1C10008C079B /* MainContentView.swift */; };
		728EFB0D2AEE1C15008C079B /* Assets.xcassets in Resources */ = {isa = PBXBuildFile; fileRef = 728EFB0C2AEE1C15008C079B /* Assets.xcassets */; };
		728EFB102AEE1C15008C079B /* Preview Assets.xcassets in Resources */ = {isa = PBXBuildFile; fileRef = 728EFB0F2AEE1C15008C079B /* Preview Assets.xcassets */; };
		728EFB1A2AEE1C15008C079B /* sotsugyoTests.swift in Sources */ = {isa = PBXBuildFile; fileRef = 728EFB192AEE1C15008C079B /* sotsugyoTests.swift */; };
		728EFB242AEE1C15008C079B /* sotsugyoUITests.swift in Sources */ = {isa = PBXBuildFile; fileRef = 728EFB232AEE1C15008C079B /* sotsugyoUITests.swift */; };
		728EFB262AEE1C15008C079B /* sotsugyoUITestsLaunchTests.swift in Sources */ = {isa = PBXBuildFile; fileRef = 728EFB252AEE1C15008C079B /* sotsugyoUITestsLaunchTests.swift */; };
		728EFB342AEE2E4A008C079B /* FirebaseAuth in Frameworks */ = {isa = PBXBuildFile; productRef = 728EFB332AEE2E4A008C079B /* FirebaseAuth */; };
		728EFB362AEE2E4A008C079B /* FirebaseAuthCombine-Community in Frameworks */ = {isa = PBXBuildFile; productRef = 728EFB352AEE2E4A008C079B /* FirebaseAuthCombine-Community */; };
		728EFB382AEE2E4A008C079B /* FirebaseFirestore in Frameworks */ = {isa = PBXBuildFile; productRef = 728EFB372AEE2E4A008C079B /* FirebaseFirestore */; };
		728EFB3A2AEE2E4A008C079B /* FirebaseFirestoreCombine-Community in Frameworks */ = {isa = PBXBuildFile; productRef = 728EFB392AEE2E4A008C079B /* FirebaseFirestoreCombine-Community */; };
		728EFB3C2AEE2E4A008C079B /* FirebaseFirestoreSwift in Frameworks */ = {isa = PBXBuildFile; productRef = 728EFB3B2AEE2E4A008C079B /* FirebaseFirestoreSwift */; };
		728EFB3E2AEE2E4A008C079B /* FirebaseStorage in Frameworks */ = {isa = PBXBuildFile; productRef = 728EFB3D2AEE2E4A008C079B /* FirebaseStorage */; };
		728EFB402AEE2E4A008C079B /* FirebaseStorageCombine-Community in Frameworks */ = {isa = PBXBuildFile; productRef = 728EFB3F2AEE2E4A008C079B /* FirebaseStorageCombine-Community */; };
		728EFB432AEE2FF2008C079B /* FirebaseAuthUI in Frameworks */ = {isa = PBXBuildFile; productRef = 728EFB422AEE2FF2008C079B /* FirebaseAuthUI */; };
		728EFB452AEE2FF2008C079B /* FirebaseEmailAuthUI in Frameworks */ = {isa = PBXBuildFile; productRef = 728EFB442AEE2FF2008C079B /* FirebaseEmailAuthUI */; };
		728EFB472AEE2FF2008C079B /* FirebaseFirestoreUI in Frameworks */ = {isa = PBXBuildFile; productRef = 728EFB462AEE2FF2008C079B /* FirebaseFirestoreUI */; };
		728EFB492AEE2FF2008C079B /* FirebaseGoogleAuthUI in Frameworks */ = {isa = PBXBuildFile; productRef = 728EFB482AEE2FF2008C079B /* FirebaseGoogleAuthUI */; };
		728EFB4B2AEE2FF2008C079B /* FirebaseOAuthUI in Frameworks */ = {isa = PBXBuildFile; productRef = 728EFB4A2AEE2FF2008C079B /* FirebaseOAuthUI */; };
		728EFB4D2AEE2FF2008C079B /* FirebaseStorageUI in Frameworks */ = {isa = PBXBuildFile; productRef = 728EFB4C2AEE2FF2008C079B /* FirebaseStorageUI */; };
		728EFB4F2AEE303C008C079B /* LoginViewModel.swift in Sources */ = {isa = PBXBuildFile; fileRef = 728EFB4E2AEE303B008C079B /* LoginViewModel.swift */; };
		728EFB512AEE318C008C079B /* AuthenticationManager.swift in Sources */ = {isa = PBXBuildFile; fileRef = 728EFB502AEE318C008C079B /* AuthenticationManager.swift */; };
		728EFB552AEE36BC008C079B /* setupGitignore.command in Resources */ = {isa = PBXBuildFile; fileRef = 728EFB542AEE36BC008C079B /* setupGitignore.command */; };
		72967E452B298E1700911D97 /* SignInView.swift in Sources */ = {isa = PBXBuildFile; fileRef = 72967E442B298E1700911D97 /* SignInView.swift */; };
		72967E472B298E2200911D97 /* SignInedView.swift in Sources */ = {isa = PBXBuildFile; fileRef = 72967E462B298E2200911D97 /* SignInedView.swift */; };
		72B47F7B2B104A94008832F5 /* PenKitViewModel.swift in Sources */ = {isa = PBXBuildFile; fileRef = 72B47F7A2B104A94008832F5 /* PenKitViewModel.swift */; };
		72C5A1672B1DACAD00F890AD /* ImageDetailView.swift in Sources */ = {isa = PBXBuildFile; fileRef = 72C5A1662B1DACAD00F890AD /* ImageDetailView.swift */; };
		72CBE0AC2B2CA794007542EE /* CameraFolderView.swift in Sources */ = {isa = PBXBuildFile; fileRef = 72CBE0AB2B2CA794007542EE /* CameraFolderView.swift */; };
		72CBE0AE2B2CA96B007542EE /* FolderTextView.swift in Sources */ = {isa = PBXBuildFile; fileRef = 72CBE0AD2B2CA96B007542EE /* FolderTextView.swift */; };
		72CBE0B02B2DBD30007542EE /* WriteLetterView.swift in Sources */ = {isa = PBXBuildFile; fileRef = 72CBE0AF2B2DBD30007542EE /* WriteLetterView.swift */; };
		72D0C0202B2CA58900456F96 /* MainImageView.swift in Sources */ = {isa = PBXBuildFile; fileRef = 72D0C01F2B2CA58900456F96 /* MainImageView.swift */; };
		72D0C0222B2CA5EC00456F96 /* FolderContentView.swift in Sources */ = {isa = PBXBuildFile; fileRef = 72D0C0212B2CA5EC00456F96 /* FolderContentView.swift */; };
		72EC19482B300463002CA76B /* PencilView.swift in Sources */ = {isa = PBXBuildFile; fileRef = 72EC19472B300463002CA76B /* PencilView.swift */; };
		72F226C92AF8C35D002BA0A6 /* CameraManager.swift in Sources */ = {isa = PBXBuildFile; fileRef = 72F226C82AF8C35D002BA0A6 /* CameraManager.swift */; };
		72F226CB2AF8C3B4002BA0A6 /*  CameraPreviewModel.swift in Sources */ = {isa = PBXBuildFile; fileRef = 72F226CA2AF8C3B4002BA0A6 /*  CameraPreviewModel.swift */; };
		72F226CD2AF8C496002BA0A6 /* CameraView.swift in Sources */ = {isa = PBXBuildFile; fileRef = 72F226CC2AF8C496002BA0A6 /* CameraView.swift */; };
		72F9855D2B17540800FEEC05 /* CameraMusicViewModel.swift in Sources */ = {isa = PBXBuildFile; fileRef = 72F9855C2B17540800FEEC05 /* CameraMusicViewModel.swift */; };
		72F985622B17FD2F00FEEC05 /* Track.swift in Sources */ = {isa = PBXBuildFile; fileRef = 72F985612B17FD2F00FEEC05 /* Track.swift */; };
		72F985642B17FD4A00FEEC05 /* SpotifyAPI.swift in Sources */ = {isa = PBXBuildFile; fileRef = 72F985632B17FD4A00FEEC05 /* SpotifyAPI.swift */; };
		72F985672B17FD8200FEEC05 /* Alamofire in Frameworks */ = {isa = PBXBuildFile; productRef = 72F985662B17FD8200FEEC05 /* Alamofire */; };
		72F9856A2B19880800FEEC05 /* URLImage in Frameworks */ = {isa = PBXBuildFile; productRef = 72F985692B19880800FEEC05 /* URLImage */; };
		72F9856C2B19880800FEEC05 /* URLImageStore in Frameworks */ = {isa = PBXBuildFile; productRef = 72F9856B2B19880800FEEC05 /* URLImageStore */; };
/* End PBXBuildFile section */

/* Begin PBXContainerItemProxy section */
		728EFB162AEE1C15008C079B /* PBXContainerItemProxy */ = {
			isa = PBXContainerItemProxy;
			containerPortal = 728EFAFD2AEE1C10008C079B /* Project object */;
			proxyType = 1;
			remoteGlobalIDString = 728EFB042AEE1C10008C079B;
			remoteInfo = sotsugyo;
		};
		728EFB202AEE1C15008C079B /* PBXContainerItemProxy */ = {
			isa = PBXContainerItemProxy;
			containerPortal = 728EFAFD2AEE1C10008C079B /* Project object */;
			proxyType = 1;
			remoteGlobalIDString = 728EFB042AEE1C10008C079B;
			remoteInfo = sotsugyo;
		};
/* End PBXContainerItemProxy section */

/* Begin PBXFileReference section */
		72012FA32B0DACB600B5BD71 /* PhotoPreviewView.swift */ = {isa = PBXFileReference; lastKnownFileType = sourcecode.swift; path = PhotoPreviewView.swift; sourceTree = "<group>"; };
		72576F652B1466690064A362 /* SearchMusicView.swift */ = {isa = PBXFileReference; lastKnownFileType = sourcecode.swift; path = SearchMusicView.swift; sourceTree = "<group>"; };
		72576F722B16E5020064A362 /* Main ContentModel.swift */ = {isa = PBXFileReference; lastKnownFileType = sourcecode.swift; path = "Main ContentModel.swift"; sourceTree = "<group>"; };
		72576F742B16F58B0064A362 /* PhotoPreviewViewModel.swift */ = {isa = PBXFileReference; lastKnownFileType = sourcecode.swift; path = PhotoPreviewViewModel.swift; sourceTree = "<group>"; };
		72576F762B16FD740064A362 /* UIImage.swift */ = {isa = PBXFileReference; lastKnownFileType = sourcecode.swift; path = UIImage.swift; sourceTree = "<group>"; };
		72576F7A2B17010E0064A362 /* searchMusicViewModel.swift */ = {isa = PBXFileReference; lastKnownFileType = sourcecode.swift; path = searchMusicViewModel.swift; sourceTree = "<group>"; };
		7265CAC62AEFDB60000058BC /* sotsugyo.entitlements */ = {isa = PBXFileReference; lastKnownFileType = text.plist.entitlements; path = sotsugyo.entitlements; sourceTree = "<group>"; };
		7265CAC92AEFED71000058BC /* GoogleService-Info.plist */ = {isa = PBXFileReference; fileEncoding = 4; lastKnownFileType = text.plist.xml; path = "GoogleService-Info.plist"; sourceTree = "<group>"; };
		7266BF322AF374BE000D711B /* ImagePicker.swift */ = {isa = PBXFileReference; lastKnownFileType = sourcecode.swift; path = ImagePicker.swift; sourceTree = "<group>"; };
		7279F4242B13802900A64739 /* ProfileView.swift */ = {isa = PBXFileReference; lastKnownFileType = sourcecode.swift; path = ProfileView.swift; sourceTree = "<group>"; };
		7279F4262B13837E00A64739 /* TabView.swift */ = {isa = PBXFileReference; lastKnownFileType = sourcecode.swift; path = TabView.swift; sourceTree = "<group>"; };
		728384542B2055E20098856E /* FirebaseMusic.swift */ = {isa = PBXFileReference; lastKnownFileType = sourcecode.swift; path = FirebaseMusic.swift; sourceTree = "<group>"; };
		728EFB052AEE1C10008C079B /* sotsugyo.app */ = {isa = PBXFileReference; explicitFileType = wrapper.application; includeInIndex = 0; path = sotsugyo.app; sourceTree = BUILT_PRODUCTS_DIR; };
		728EFB082AEE1C10008C079B /* sotsugyoApp.swift */ = {isa = PBXFileReference; lastKnownFileType = sourcecode.swift; path = sotsugyoApp.swift; sourceTree = "<group>"; };
		728EFB0A2AEE1C10008C079B /* MainContentView.swift */ = {isa = PBXFileReference; lastKnownFileType = sourcecode.swift; path = MainContentView.swift; sourceTree = "<group>"; };
		728EFB0C2AEE1C15008C079B /* Assets.xcassets */ = {isa = PBXFileReference; lastKnownFileType = folder.assetcatalog; path = Assets.xcassets; sourceTree = "<group>"; };
		728EFB0F2AEE1C15008C079B /* Preview Assets.xcassets */ = {isa = PBXFileReference; lastKnownFileType = folder.assetcatalog; path = "Preview Assets.xcassets"; sourceTree = "<group>"; };
		728EFB152AEE1C15008C079B /* sotsugyoTests.xctest */ = {isa = PBXFileReference; explicitFileType = wrapper.cfbundle; includeInIndex = 0; path = sotsugyoTests.xctest; sourceTree = BUILT_PRODUCTS_DIR; };
		728EFB192AEE1C15008C079B /* sotsugyoTests.swift */ = {isa = PBXFileReference; lastKnownFileType = sourcecode.swift; path = sotsugyoTests.swift; sourceTree = "<group>"; };
		728EFB1F2AEE1C15008C079B /* sotsugyoUITests.xctest */ = {isa = PBXFileReference; explicitFileType = wrapper.cfbundle; includeInIndex = 0; path = sotsugyoUITests.xctest; sourceTree = BUILT_PRODUCTS_DIR; };
		728EFB232AEE1C15008C079B /* sotsugyoUITests.swift */ = {isa = PBXFileReference; lastKnownFileType = sourcecode.swift; path = sotsugyoUITests.swift; sourceTree = "<group>"; };
		728EFB252AEE1C15008C079B /* sotsugyoUITestsLaunchTests.swift */ = {isa = PBXFileReference; lastKnownFileType = sourcecode.swift; path = sotsugyoUITestsLaunchTests.swift; sourceTree = "<group>"; };
		728EFB4E2AEE303B008C079B /* LoginViewModel.swift */ = {isa = PBXFileReference; lastKnownFileType = sourcecode.swift; path = LoginViewModel.swift; sourceTree = "<group>"; };
		728EFB502AEE318C008C079B /* AuthenticationManager.swift */ = {isa = PBXFileReference; lastKnownFileType = sourcecode.swift; path = AuthenticationManager.swift; sourceTree = "<group>"; };
		728EFB542AEE36BC008C079B /* setupGitignore.command */ = {isa = PBXFileReference; fileEncoding = 4; lastKnownFileType = text.script.sh; path = setupGitignore.command; sourceTree = "<group>"; };
		72967E442B298E1700911D97 /* SignInView.swift */ = {isa = PBXFileReference; lastKnownFileType = sourcecode.swift; path = SignInView.swift; sourceTree = "<group>"; };
		72967E462B298E2200911D97 /* SignInedView.swift */ = {isa = PBXFileReference; lastKnownFileType = sourcecode.swift; path = SignInedView.swift; sourceTree = "<group>"; };
		72B47F7A2B104A94008832F5 /* PenKitViewModel.swift */ = {isa = PBXFileReference; lastKnownFileType = sourcecode.swift; path = PenKitViewModel.swift; sourceTree = "<group>"; };
		72C5A1662B1DACAD00F890AD /* ImageDetailView.swift */ = {isa = PBXFileReference; lastKnownFileType = sourcecode.swift; path = ImageDetailView.swift; sourceTree = "<group>"; };
		72CBE0AB2B2CA794007542EE /* CameraFolderView.swift */ = {isa = PBXFileReference; lastKnownFileType = sourcecode.swift; path = CameraFolderView.swift; sourceTree = "<group>"; };
		72CBE0AD2B2CA96B007542EE /* FolderTextView.swift */ = {isa = PBXFileReference; lastKnownFileType = sourcecode.swift; path = FolderTextView.swift; sourceTree = "<group>"; };
		72CBE0AF2B2DBD30007542EE /* WriteLetterView.swift */ = {isa = PBXFileReference; lastKnownFileType = sourcecode.swift; path = WriteLetterView.swift; sourceTree = "<group>"; };
		72D0C01F2B2CA58900456F96 /* MainImageView.swift */ = {isa = PBXFileReference; lastKnownFileType = sourcecode.swift; path = MainImageView.swift; sourceTree = "<group>"; };
		72D0C0212B2CA5EC00456F96 /* FolderContentView.swift */ = {isa = PBXFileReference; lastKnownFileType = sourcecode.swift; path = FolderContentView.swift; sourceTree = "<group>"; };
		72EC19472B300463002CA76B /* PencilView.swift */ = {isa = PBXFileReference; lastKnownFileType = sourcecode.swift; path = PencilView.swift; sourceTree = "<group>"; };
		72F226C82AF8C35D002BA0A6 /* CameraManager.swift */ = {isa = PBXFileReference; lastKnownFileType = sourcecode.swift; path = CameraManager.swift; sourceTree = "<group>"; };
		72F226CA2AF8C3B4002BA0A6 /*  CameraPreviewModel.swift */ = {isa = PBXFileReference; lastKnownFileType = sourcecode.swift; path = " CameraPreviewModel.swift"; sourceTree = "<group>"; };
		72F226CC2AF8C496002BA0A6 /* CameraView.swift */ = {isa = PBXFileReference; lastKnownFileType = sourcecode.swift; path = CameraView.swift; sourceTree = "<group>"; };
		72F9855C2B17540800FEEC05 /* CameraMusicViewModel.swift */ = {isa = PBXFileReference; lastKnownFileType = sourcecode.swift; path = CameraMusicViewModel.swift; sourceTree = "<group>"; };
		72F985612B17FD2F00FEEC05 /* Track.swift */ = {isa = PBXFileReference; lastKnownFileType = sourcecode.swift; path = Track.swift; sourceTree = "<group>"; };
		72F985632B17FD4A00FEEC05 /* SpotifyAPI.swift */ = {isa = PBXFileReference; lastKnownFileType = sourcecode.swift; path = SpotifyAPI.swift; sourceTree = "<group>"; };
/* End PBXFileReference section */

/* Begin PBXFrameworksBuildPhase section */
		728EFB022AEE1C10008C079B /* Frameworks */ = {
			isa = PBXFrameworksBuildPhase;
			buildActionMask = 2147483647;
			files = (
				728EFB3C2AEE2E4A008C079B /* FirebaseFirestoreSwift in Frameworks */,
				72F9856C2B19880800FEEC05 /* URLImageStore in Frameworks */,
				728EFB402AEE2E4A008C079B /* FirebaseStorageCombine-Community in Frameworks */,
				72F985672B17FD8200FEEC05 /* Alamofire in Frameworks */,
				728EFB4D2AEE2FF2008C079B /* FirebaseStorageUI in Frameworks */,
				728EFB342AEE2E4A008C079B /* FirebaseAuth in Frameworks */,
				728EFB3A2AEE2E4A008C079B /* FirebaseFirestoreCombine-Community in Frameworks */,
				728EFB362AEE2E4A008C079B /* FirebaseAuthCombine-Community in Frameworks */,
				728EFB382AEE2E4A008C079B /* FirebaseFirestore in Frameworks */,
				7223A54E2B2567DF009D6704 /* Kingfisher in Frameworks */,
				7209E3932B12EBD200FC44D3 /* NukeVideo in Frameworks */,
				7209E3912B12EBD200FC44D3 /* NukeUI in Frameworks */,
				728EFB452AEE2FF2008C079B /* FirebaseEmailAuthUI in Frameworks */,
				728EFB4B2AEE2FF2008C079B /* FirebaseOAuthUI in Frameworks */,
				7209E38D2B12EBD200FC44D3 /* Nuke in Frameworks */,
				728EFB472AEE2FF2008C079B /* FirebaseFirestoreUI in Frameworks */,
				728EFB3E2AEE2E4A008C079B /* FirebaseStorage in Frameworks */,
				728EFB432AEE2FF2008C079B /* FirebaseAuthUI in Frameworks */,
				728EFB492AEE2FF2008C079B /* FirebaseGoogleAuthUI in Frameworks */,
				72F9856A2B19880800FEEC05 /* URLImage in Frameworks */,
				7209E38F2B12EBD200FC44D3 /* NukeExtensions in Frameworks */,
			);
			runOnlyForDeploymentPostprocessing = 0;
		};
		728EFB122AEE1C15008C079B /* Frameworks */ = {
			isa = PBXFrameworksBuildPhase;
			buildActionMask = 2147483647;
			files = (
			);
			runOnlyForDeploymentPostprocessing = 0;
		};
		728EFB1C2AEE1C15008C079B /* Frameworks */ = {
			isa = PBXFrameworksBuildPhase;
			buildActionMask = 2147483647;
			files = (
			);
			runOnlyForDeploymentPostprocessing = 0;
		};
/* End PBXFrameworksBuildPhase section */

/* Begin PBXGroup section */
		7223A53B2B256213009D6704 /* ViewController */ = {
			isa = PBXGroup;
			children = (
			);
			path = ViewController;
			sourceTree = "<group>";
		};
		72576F692B16E2560064A362 /* View */ = {
			isa = PBXGroup;
			children = (
				72D0C01E2B2CA35700456F96 /* main */,
				7279F4262B13837E00A64739 /* TabView.swift */,
				728EFB0A2AEE1C10008C079B /* MainContentView.swift */,
				72F226CC2AF8C496002BA0A6 /* CameraView.swift */,
				72012FA32B0DACB600B5BD71 /* PhotoPreviewView.swift */,
				72EC19472B300463002CA76B /* PencilView.swift */,
				7279F4242B13802900A64739 /* ProfileView.swift */,
				72576F652B1466690064A362 /* SearchMusicView.swift */,
				72C5A1662B1DACAD00F890AD /* ImageDetailView.swift */,
				72967E442B298E1700911D97 /* SignInView.swift */,
			);
			path = View;
			sourceTree = "<group>";
		};
		72576F6B2B16E2670064A362 /* Model */ = {
			isa = PBXGroup;
			children = (
				72F985612B17FD2F00FEEC05 /* Track.swift */,
				728384542B2055E20098856E /* FirebaseMusic.swift */,
			);
			path = Model;
			sourceTree = "<group>";
		};
		72576F6D2B16E2E00064A362 /* ViewModel */ = {
			isa = PBXGroup;
			children = (
				728EFB4E2AEE303B008C079B /* LoginViewModel.swift */,
				72576F722B16E5020064A362 /* Main ContentModel.swift */,
				72F226CA2AF8C3B4002BA0A6 /*  CameraPreviewModel.swift */,
				72576F742B16F58B0064A362 /* PhotoPreviewViewModel.swift */,
				72B47F7A2B104A94008832F5 /* PenKitViewModel.swift */,
				72576F7A2B17010E0064A362 /* searchMusicViewModel.swift */,
				72F9855C2B17540800FEEC05 /* CameraMusicViewModel.swift */,
			);
			path = ViewModel;
			sourceTree = "<group>";
		};
		72576F6E2B16E2E70064A362 /* Utils */ = {
			isa = PBXGroup;
			children = (
				72576F762B16FD740064A362 /* UIImage.swift */,
				728EFB502AEE318C008C079B /* AuthenticationManager.swift */,
				72F226C82AF8C35D002BA0A6 /* CameraManager.swift */,
				7266BF322AF374BE000D711B /* ImagePicker.swift */,
				72F985632B17FD4A00FEEC05 /* SpotifyAPI.swift */,
			);
			path = Utils;
			sourceTree = "<group>";
		};
		728EFAFC2AEE1C10008C079B = {
			isa = PBXGroup;
			children = (
				728EFB542AEE36BC008C079B /* setupGitignore.command */,
				728EFB072AEE1C10008C079B /* sotsugyo */,
				728EFB182AEE1C15008C079B /* sotsugyoTests */,
				728EFB222AEE1C15008C079B /* sotsugyoUITests */,
				728EFB062AEE1C10008C079B /* Products */,
			);
			sourceTree = "<group>";
		};
		728EFB062AEE1C10008C079B /* Products */ = {
			isa = PBXGroup;
			children = (
				728EFB052AEE1C10008C079B /* sotsugyo.app */,
				728EFB152AEE1C15008C079B /* sotsugyoTests.xctest */,
				728EFB1F2AEE1C15008C079B /* sotsugyoUITests.xctest */,
			);
			name = Products;
			sourceTree = "<group>";
		};
		728EFB072AEE1C10008C079B /* sotsugyo */ = {
			isa = PBXGroup;
			children = (
				72576F6B2B16E2670064A362 /* Model */,
				72576F692B16E2560064A362 /* View */,
				72576F6D2B16E2E00064A362 /* ViewModel */,
				7223A53B2B256213009D6704 /* ViewController */,
				72576F6E2B16E2E70064A362 /* Utils */,
				7265CAC92AEFED71000058BC /* GoogleService-Info.plist */,
				7265CAC62AEFDB60000058BC /* sotsugyo.entitlements */,
				728EFB082AEE1C10008C079B /* sotsugyoApp.swift */,
				728EFB0C2AEE1C15008C079B /* Assets.xcassets */,
				728EFB0E2AEE1C15008C079B /* Preview Content */,
			);
			path = sotsugyo;
			sourceTree = "<group>";
		};
		728EFB0E2AEE1C15008C079B /* Preview Content */ = {
			isa = PBXGroup;
			children = (
				728EFB0F2AEE1C15008C079B /* Preview Assets.xcassets */,
			);
			path = "Preview Content";
			sourceTree = "<group>";
		};
		728EFB182AEE1C15008C079B /* sotsugyoTests */ = {
			isa = PBXGroup;
			children = (
				728EFB192AEE1C15008C079B /* sotsugyoTests.swift */,
			);
			path = sotsugyoTests;
			sourceTree = "<group>";
		};
		728EFB222AEE1C15008C079B /* sotsugyoUITests */ = {
			isa = PBXGroup;
			children = (
				728EFB232AEE1C15008C079B /* sotsugyoUITests.swift */,
				728EFB252AEE1C15008C079B /* sotsugyoUITestsLaunchTests.swift */,
			);
			path = sotsugyoUITests;
			sourceTree = "<group>";
		};
		72D0C01E2B2CA35700456F96 /* main */ = {
			isa = PBXGroup;
			children = (
				72967E462B298E2200911D97 /* SignInedView.swift */,
				72D0C01F2B2CA58900456F96 /* MainImageView.swift */,
				72D0C0212B2CA5EC00456F96 /* FolderContentView.swift */,
				72CBE0AB2B2CA794007542EE /* CameraFolderView.swift */,
				72CBE0AD2B2CA96B007542EE /* FolderTextView.swift */,
				72CBE0AF2B2DBD30007542EE /* WriteLetterView.swift */,
			);
			path = main;
			sourceTree = "<group>";
		};
/* End PBXGroup section */

/* Begin PBXNativeTarget section */
		728EFB042AEE1C10008C079B /* sotsugyo */ = {
			isa = PBXNativeTarget;
			buildConfigurationList = 728EFB292AEE1C15008C079B /* Build configuration list for PBXNativeTarget "sotsugyo" */;
			buildPhases = (
				728EFB012AEE1C10008C079B /* Sources */,
				728EFB022AEE1C10008C079B /* Frameworks */,
				728EFB032AEE1C10008C079B /* Resources */,
			);
			buildRules = (
			);
			dependencies = (
			);
			name = sotsugyo;
			packageProductDependencies = (
				728EFB332AEE2E4A008C079B /* FirebaseAuth */,
				728EFB352AEE2E4A008C079B /* FirebaseAuthCombine-Community */,
				728EFB372AEE2E4A008C079B /* FirebaseFirestore */,
				728EFB392AEE2E4A008C079B /* FirebaseFirestoreCombine-Community */,
				728EFB3B2AEE2E4A008C079B /* FirebaseFirestoreSwift */,
				728EFB3D2AEE2E4A008C079B /* FirebaseStorage */,
				728EFB3F2AEE2E4A008C079B /* FirebaseStorageCombine-Community */,
				728EFB422AEE2FF2008C079B /* FirebaseAuthUI */,
				728EFB442AEE2FF2008C079B /* FirebaseEmailAuthUI */,
				728EFB462AEE2FF2008C079B /* FirebaseFirestoreUI */,
				728EFB482AEE2FF2008C079B /* FirebaseGoogleAuthUI */,
				728EFB4A2AEE2FF2008C079B /* FirebaseOAuthUI */,
				728EFB4C2AEE2FF2008C079B /* FirebaseStorageUI */,
				7209E38C2B12EBD200FC44D3 /* Nuke */,
				7209E38E2B12EBD200FC44D3 /* NukeExtensions */,
				7209E3902B12EBD200FC44D3 /* NukeUI */,
				7209E3922B12EBD200FC44D3 /* NukeVideo */,
				72F985662B17FD8200FEEC05 /* Alamofire */,
				72F985692B19880800FEEC05 /* URLImage */,
				72F9856B2B19880800FEEC05 /* URLImageStore */,
				7223A54D2B2567DF009D6704 /* Kingfisher */,
			);
			productName = sotsugyo;
			productReference = 728EFB052AEE1C10008C079B /* sotsugyo.app */;
			productType = "com.apple.product-type.application";
		};
		728EFB142AEE1C15008C079B /* sotsugyoTests */ = {
			isa = PBXNativeTarget;
			buildConfigurationList = 728EFB2C2AEE1C15008C079B /* Build configuration list for PBXNativeTarget "sotsugyoTests" */;
			buildPhases = (
				728EFB112AEE1C15008C079B /* Sources */,
				728EFB122AEE1C15008C079B /* Frameworks */,
				728EFB132AEE1C15008C079B /* Resources */,
			);
			buildRules = (
			);
			dependencies = (
				728EFB172AEE1C15008C079B /* PBXTargetDependency */,
			);
			name = sotsugyoTests;
			productName = sotsugyoTests;
			productReference = 728EFB152AEE1C15008C079B /* sotsugyoTests.xctest */;
			productType = "com.apple.product-type.bundle.unit-test";
		};
		728EFB1E2AEE1C15008C079B /* sotsugyoUITests */ = {
			isa = PBXNativeTarget;
			buildConfigurationList = 728EFB2F2AEE1C15008C079B /* Build configuration list for PBXNativeTarget "sotsugyoUITests" */;
			buildPhases = (
				728EFB1B2AEE1C15008C079B /* Sources */,
				728EFB1C2AEE1C15008C079B /* Frameworks */,
				728EFB1D2AEE1C15008C079B /* Resources */,
			);
			buildRules = (
			);
			dependencies = (
				728EFB212AEE1C15008C079B /* PBXTargetDependency */,
			);
			name = sotsugyoUITests;
			productName = sotsugyoUITests;
			productReference = 728EFB1F2AEE1C15008C079B /* sotsugyoUITests.xctest */;
			productType = "com.apple.product-type.bundle.ui-testing";
		};
/* End PBXNativeTarget section */

/* Begin PBXProject section */
		728EFAFD2AEE1C10008C079B /* Project object */ = {
			isa = PBXProject;
			attributes = {
				BuildIndependentTargetsInParallel = 1;
				LastSwiftUpdateCheck = 1500;
				LastUpgradeCheck = 1500;
				TargetAttributes = {
					728EFB042AEE1C10008C079B = {
						CreatedOnToolsVersion = 15.0;
					};
					728EFB142AEE1C15008C079B = {
						CreatedOnToolsVersion = 15.0;
						TestTargetID = 728EFB042AEE1C10008C079B;
					};
					728EFB1E2AEE1C15008C079B = {
						CreatedOnToolsVersion = 15.0;
						TestTargetID = 728EFB042AEE1C10008C079B;
					};
				};
			};
			buildConfigurationList = 728EFB002AEE1C10008C079B /* Build configuration list for PBXProject "sotsugyo" */;
			compatibilityVersion = "Xcode 14.0";
			developmentRegion = en;
			hasScannedForEncodings = 0;
			knownRegions = (
				en,
				Base,
			);
			mainGroup = 728EFAFC2AEE1C10008C079B;
			packageReferences = (
				728EFB322AEE2E4A008C079B /* XCRemoteSwiftPackageReference "firebase-ios-sdk" */,
				728EFB412AEE2FF2008C079B /* XCRemoteSwiftPackageReference "FirebaseUI-iOS" */,
				7209E38B2B12EBD200FC44D3 /* XCRemoteSwiftPackageReference "Nuke" */,
				72F985652B17FD8200FEEC05 /* XCRemoteSwiftPackageReference "Alamofire" */,
				72F985682B19880800FEEC05 /* XCRemoteSwiftPackageReference "url-image" */,
				7223A54C2B2567DE009D6704 /* XCRemoteSwiftPackageReference "Kingfisher" */,
			);
			productRefGroup = 728EFB062AEE1C10008C079B /* Products */;
			projectDirPath = "";
			projectRoot = "";
			targets = (
				728EFB042AEE1C10008C079B /* sotsugyo */,
				728EFB142AEE1C15008C079B /* sotsugyoTests */,
				728EFB1E2AEE1C15008C079B /* sotsugyoUITests */,
			);
		};
/* End PBXProject section */

/* Begin PBXResourcesBuildPhase section */
		728EFB032AEE1C10008C079B /* Resources */ = {
			isa = PBXResourcesBuildPhase;
			buildActionMask = 2147483647;
			files = (
				728EFB552AEE36BC008C079B /* setupGitignore.command in Resources */,
				7265CACA2AEFED71000058BC /* GoogleService-Info.plist in Resources */,
				728EFB102AEE1C15008C079B /* Preview Assets.xcassets in Resources */,
				728EFB0D2AEE1C15008C079B /* Assets.xcassets in Resources */,
			);
			runOnlyForDeploymentPostprocessing = 0;
		};
		728EFB132AEE1C15008C079B /* Resources */ = {
			isa = PBXResourcesBuildPhase;
			buildActionMask = 2147483647;
			files = (
			);
			runOnlyForDeploymentPostprocessing = 0;
		};
		728EFB1D2AEE1C15008C079B /* Resources */ = {
			isa = PBXResourcesBuildPhase;
			buildActionMask = 2147483647;
			files = (
			);
			runOnlyForDeploymentPostprocessing = 0;
		};
/* End PBXResourcesBuildPhase section */

/* Begin PBXSourcesBuildPhase section */
		728EFB012AEE1C10008C079B /* Sources */ = {
			isa = PBXSourcesBuildPhase;
			buildActionMask = 2147483647;
			files = (
				728EFB0B2AEE1C10008C079B /* MainContentView.swift in Sources */,
				72576F662B1466690064A362 /* SearchMusicView.swift in Sources */,
				728EFB512AEE318C008C079B /* AuthenticationManager.swift in Sources */,
				7279F4272B13837E00A64739 /* TabView.swift in Sources */,
				72F985642B17FD4A00FEEC05 /* SpotifyAPI.swift in Sources */,
				72967E452B298E1700911D97 /* SignInView.swift in Sources */,
				72F226CB2AF8C3B4002BA0A6 /*  CameraPreviewModel.swift in Sources */,
				72F226C92AF8C35D002BA0A6 /* CameraManager.swift in Sources */,
				72F9855D2B17540800FEEC05 /* CameraMusicViewModel.swift in Sources */,
				72C5A1672B1DACAD00F890AD /* ImageDetailView.swift in Sources */,
				72576F772B16FD740064A362 /* UIImage.swift in Sources */,
				72EC19482B300463002CA76B /* PencilView.swift in Sources */,
				72576F732B16E5020064A362 /* Main ContentModel.swift in Sources */,
				7279F4252B13802900A64739 /* ProfileView.swift in Sources */,
				7266BF332AF374BE000D711B /* ImagePicker.swift in Sources */,
				728EFB4F2AEE303C008C079B /* LoginViewModel.swift in Sources */,
				728EFB092AEE1C10008C079B /* sotsugyoApp.swift in Sources */,
				72CBE0AC2B2CA794007542EE /* CameraFolderView.swift in Sources */,
				72D0C0202B2CA58900456F96 /* MainImageView.swift in Sources */,
				72B47F7B2B104A94008832F5 /* PenKitViewModel.swift in Sources */,
				72CBE0B02B2DBD30007542EE /* WriteLetterView.swift in Sources */,
				72D0C0222B2CA5EC00456F96 /* FolderContentView.swift in Sources */,
				72012FA42B0DACB600B5BD71 /* PhotoPreviewView.swift in Sources */,
				72576F752B16F58B0064A362 /* PhotoPreviewViewModel.swift in Sources */,
				72CBE0AE2B2CA96B007542EE /* FolderTextView.swift in Sources */,
				728384552B2055E20098856E /* FirebaseMusic.swift in Sources */,
				72576F7B2B17010E0064A362 /* searchMusicViewModel.swift in Sources */,
				72F226CD2AF8C496002BA0A6 /* CameraView.swift in Sources */,
				72967E472B298E2200911D97 /* SignInedView.swift in Sources */,
				72F985622B17FD2F00FEEC05 /* Track.swift in Sources */,
			);
			runOnlyForDeploymentPostprocessing = 0;
		};
		728EFB112AEE1C15008C079B /* Sources */ = {
			isa = PBXSourcesBuildPhase;
			buildActionMask = 2147483647;
			files = (
				728EFB1A2AEE1C15008C079B /* sotsugyoTests.swift in Sources */,
			);
			runOnlyForDeploymentPostprocessing = 0;
		};
		728EFB1B2AEE1C15008C079B /* Sources */ = {
			isa = PBXSourcesBuildPhase;
			buildActionMask = 2147483647;
			files = (
				728EFB262AEE1C15008C079B /* sotsugyoUITestsLaunchTests.swift in Sources */,
				728EFB242AEE1C15008C079B /* sotsugyoUITests.swift in Sources */,
			);
			runOnlyForDeploymentPostprocessing = 0;
		};
/* End PBXSourcesBuildPhase section */

/* Begin PBXTargetDependency section */
		728EFB172AEE1C15008C079B /* PBXTargetDependency */ = {
			isa = PBXTargetDependency;
			target = 728EFB042AEE1C10008C079B /* sotsugyo */;
			targetProxy = 728EFB162AEE1C15008C079B /* PBXContainerItemProxy */;
		};
		728EFB212AEE1C15008C079B /* PBXTargetDependency */ = {
			isa = PBXTargetDependency;
			target = 728EFB042AEE1C10008C079B /* sotsugyo */;
			targetProxy = 728EFB202AEE1C15008C079B /* PBXContainerItemProxy */;
		};
/* End PBXTargetDependency section */

/* Begin XCBuildConfiguration section */
		728EFB272AEE1C15008C079B /* Debug */ = {
			isa = XCBuildConfiguration;
			buildSettings = {
				ALWAYS_SEARCH_USER_PATHS = NO;
				ASSETCATALOG_COMPILER_GENERATE_SWIFT_ASSET_SYMBOL_EXTENSIONS = YES;
				CLANG_ANALYZER_NONNULL = YES;
				CLANG_ANALYZER_NUMBER_OBJECT_CONVERSION = YES_AGGRESSIVE;
				CLANG_CXX_LANGUAGE_STANDARD = "gnu++20";
				CLANG_ENABLE_MODULES = YES;
				CLANG_ENABLE_OBJC_ARC = YES;
				CLANG_ENABLE_OBJC_WEAK = YES;
				CLANG_WARN_BLOCK_CAPTURE_AUTORELEASING = YES;
				CLANG_WARN_BOOL_CONVERSION = YES;
				CLANG_WARN_COMMA = YES;
				CLANG_WARN_CONSTANT_CONVERSION = YES;
				CLANG_WARN_DEPRECATED_OBJC_IMPLEMENTATIONS = YES;
				CLANG_WARN_DIRECT_OBJC_ISA_USAGE = YES_ERROR;
				CLANG_WARN_DOCUMENTATION_COMMENTS = YES;
				CLANG_WARN_EMPTY_BODY = YES;
				CLANG_WARN_ENUM_CONVERSION = YES;
				CLANG_WARN_INFINITE_RECURSION = YES;
				CLANG_WARN_INT_CONVERSION = YES;
				CLANG_WARN_NON_LITERAL_NULL_CONVERSION = YES;
				CLANG_WARN_OBJC_IMPLICIT_RETAIN_SELF = YES;
				CLANG_WARN_OBJC_LITERAL_CONVERSION = YES;
				CLANG_WARN_OBJC_ROOT_CLASS = YES_ERROR;
				CLANG_WARN_QUOTED_INCLUDE_IN_FRAMEWORK_HEADER = YES;
				CLANG_WARN_RANGE_LOOP_ANALYSIS = YES;
				CLANG_WARN_STRICT_PROTOTYPES = YES;
				CLANG_WARN_SUSPICIOUS_MOVE = YES;
				CLANG_WARN_UNGUARDED_AVAILABILITY = YES_AGGRESSIVE;
				CLANG_WARN_UNREACHABLE_CODE = YES;
				CLANG_WARN__DUPLICATE_METHOD_MATCH = YES;
				COPY_PHASE_STRIP = NO;
				DEBUG_INFORMATION_FORMAT = dwarf;
				ENABLE_STRICT_OBJC_MSGSEND = YES;
				ENABLE_TESTABILITY = YES;
				ENABLE_USER_SCRIPT_SANDBOXING = YES;
				GCC_C_LANGUAGE_STANDARD = gnu17;
				GCC_DYNAMIC_NO_PIC = NO;
				GCC_NO_COMMON_BLOCKS = YES;
				GCC_OPTIMIZATION_LEVEL = 0;
				GCC_PREPROCESSOR_DEFINITIONS = (
					"DEBUG=1",
					"$(inherited)",
				);
				GCC_WARN_64_TO_32_BIT_CONVERSION = YES;
				GCC_WARN_ABOUT_RETURN_TYPE = YES_ERROR;
				GCC_WARN_UNDECLARED_SELECTOR = YES;
				GCC_WARN_UNINITIALIZED_AUTOS = YES_AGGRESSIVE;
				GCC_WARN_UNUSED_FUNCTION = YES;
				GCC_WARN_UNUSED_VARIABLE = YES;
				IPHONEOS_DEPLOYMENT_TARGET = 17.0;
				LOCALIZATION_PREFERS_STRING_CATALOGS = YES;
				MTL_ENABLE_DEBUG_INFO = INCLUDE_SOURCE;
				MTL_FAST_MATH = YES;
				ONLY_ACTIVE_ARCH = YES;
				SDKROOT = iphoneos;
				SWIFT_ACTIVE_COMPILATION_CONDITIONS = "DEBUG $(inherited)";
				SWIFT_OPTIMIZATION_LEVEL = "-Onone";
			};
			name = Debug;
		};
		728EFB282AEE1C15008C079B /* Release */ = {
			isa = XCBuildConfiguration;
			buildSettings = {
				ALWAYS_SEARCH_USER_PATHS = NO;
				ASSETCATALOG_COMPILER_GENERATE_SWIFT_ASSET_SYMBOL_EXTENSIONS = YES;
				CLANG_ANALYZER_NONNULL = YES;
				CLANG_ANALYZER_NUMBER_OBJECT_CONVERSION = YES_AGGRESSIVE;
				CLANG_CXX_LANGUAGE_STANDARD = "gnu++20";
				CLANG_ENABLE_MODULES = YES;
				CLANG_ENABLE_OBJC_ARC = YES;
				CLANG_ENABLE_OBJC_WEAK = YES;
				CLANG_WARN_BLOCK_CAPTURE_AUTORELEASING = YES;
				CLANG_WARN_BOOL_CONVERSION = YES;
				CLANG_WARN_COMMA = YES;
				CLANG_WARN_CONSTANT_CONVERSION = YES;
				CLANG_WARN_DEPRECATED_OBJC_IMPLEMENTATIONS = YES;
				CLANG_WARN_DIRECT_OBJC_ISA_USAGE = YES_ERROR;
				CLANG_WARN_DOCUMENTATION_COMMENTS = YES;
				CLANG_WARN_EMPTY_BODY = YES;
				CLANG_WARN_ENUM_CONVERSION = YES;
				CLANG_WARN_INFINITE_RECURSION = YES;
				CLANG_WARN_INT_CONVERSION = YES;
				CLANG_WARN_NON_LITERAL_NULL_CONVERSION = YES;
				CLANG_WARN_OBJC_IMPLICIT_RETAIN_SELF = YES;
				CLANG_WARN_OBJC_LITERAL_CONVERSION = YES;
				CLANG_WARN_OBJC_ROOT_CLASS = YES_ERROR;
				CLANG_WARN_QUOTED_INCLUDE_IN_FRAMEWORK_HEADER = YES;
				CLANG_WARN_RANGE_LOOP_ANALYSIS = YES;
				CLANG_WARN_STRICT_PROTOTYPES = YES;
				CLANG_WARN_SUSPICIOUS_MOVE = YES;
				CLANG_WARN_UNGUARDED_AVAILABILITY = YES_AGGRESSIVE;
				CLANG_WARN_UNREACHABLE_CODE = YES;
				CLANG_WARN__DUPLICATE_METHOD_MATCH = YES;
				COPY_PHASE_STRIP = NO;
				DEBUG_INFORMATION_FORMAT = "dwarf-with-dsym";
				ENABLE_NS_ASSERTIONS = NO;
				ENABLE_STRICT_OBJC_MSGSEND = YES;
				ENABLE_USER_SCRIPT_SANDBOXING = YES;
				GCC_C_LANGUAGE_STANDARD = gnu17;
				GCC_NO_COMMON_BLOCKS = YES;
				GCC_WARN_64_TO_32_BIT_CONVERSION = YES;
				GCC_WARN_ABOUT_RETURN_TYPE = YES_ERROR;
				GCC_WARN_UNDECLARED_SELECTOR = YES;
				GCC_WARN_UNINITIALIZED_AUTOS = YES_AGGRESSIVE;
				GCC_WARN_UNUSED_FUNCTION = YES;
				GCC_WARN_UNUSED_VARIABLE = YES;
				IPHONEOS_DEPLOYMENT_TARGET = 17.0;
				LOCALIZATION_PREFERS_STRING_CATALOGS = YES;
				MTL_ENABLE_DEBUG_INFO = NO;
				MTL_FAST_MATH = YES;
				SDKROOT = iphoneos;
				SWIFT_COMPILATION_MODE = wholemodule;
				VALIDATE_PRODUCT = YES;
			};
			name = Release;
		};
		728EFB2A2AEE1C15008C079B /* Debug */ = {
			isa = XCBuildConfiguration;
			buildSettings = {
				ASSETCATALOG_COMPILER_APPICON_NAME = AppIcon;
				ASSETCATALOG_COMPILER_GLOBAL_ACCENT_COLOR_NAME = AccentColor;
				CODE_SIGN_ENTITLEMENTS = sotsugyo/sotsugyo.entitlements;
				CODE_SIGN_IDENTITY = "Apple Development";
				CODE_SIGN_STYLE = Automatic;
				CURRENT_PROJECT_VERSION = 1;
				DEVELOPMENT_ASSET_PATHS = "\"sotsugyo/Preview Content\"";
				DEVELOPMENT_TEAM = TVH687AC7F;
				ENABLE_PREVIEWS = YES;
				GENERATE_INFOPLIST_FILE = YES;
				INFOPLIST_FILE = sotsugyo/Info.plist;
				INFOPLIST_KEY_NSCameraUsageDescription = "チェキを撮影します";
				INFOPLIST_KEY_NSMicrophoneUsageDescription = "チェキを撮影します";
				INFOPLIST_KEY_NSPhotoLibraryAddUsageDescription = "チェキを保存します";
				INFOPLIST_KEY_UIApplicationSceneManifest_Generation = YES;
				INFOPLIST_KEY_UIApplicationSupportsIndirectInputEvents = YES;
				INFOPLIST_KEY_UILaunchScreen_Generation = YES;
				INFOPLIST_KEY_UISupportedInterfaceOrientations_iPad = "UIInterfaceOrientationPortrait UIInterfaceOrientationPortraitUpsideDown UIInterfaceOrientationLandscapeLeft UIInterfaceOrientationLandscapeRight";
				INFOPLIST_KEY_UISupportedInterfaceOrientations_iPhone = "UIInterfaceOrientationPortrait UIInterfaceOrientationLandscapeLeft UIInterfaceOrientationLandscapeRight";
				LD_RUNPATH_SEARCH_PATHS = (
					"$(inherited)",
					"@executable_path/Frameworks",
				);
				MARKETING_VERSION = 1.0;
				PRODUCT_BUNDLE_IDENTIFIER = com.hosonuma.sakki.sotsugyou;
				PRODUCT_NAME = "$(TARGET_NAME)";
				PROVISIONING_PROFILE_SPECIFIER = "";
				SWIFT_EMIT_LOC_STRINGS = YES;
				SWIFT_VERSION = 5.0;
				TARGETED_DEVICE_FAMILY = "1,2";
			};
			name = Debug;
		};
		728EFB2B2AEE1C15008C079B /* Release */ = {
			isa = XCBuildConfiguration;
			buildSettings = {
				ASSETCATALOG_COMPILER_APPICON_NAME = AppIcon;
				ASSETCATALOG_COMPILER_GLOBAL_ACCENT_COLOR_NAME = AccentColor;
				CODE_SIGN_ENTITLEMENTS = sotsugyo/sotsugyo.entitlements;
				CODE_SIGN_IDENTITY = "Apple Development";
				CODE_SIGN_STYLE = Automatic;
				CURRENT_PROJECT_VERSION = 1;
				DEVELOPMENT_ASSET_PATHS = "\"sotsugyo/Preview Content\"";
				DEVELOPMENT_TEAM = TVH687AC7F;
				ENABLE_PREVIEWS = YES;
				GENERATE_INFOPLIST_FILE = YES;
				INFOPLIST_FILE = sotsugyo/Info.plist;
				INFOPLIST_KEY_NSCameraUsageDescription = "チェキを撮影します";
				INFOPLIST_KEY_NSMicrophoneUsageDescription = "チェキを撮影します";
				INFOPLIST_KEY_NSPhotoLibraryAddUsageDescription = "チェキを保存します";
				INFOPLIST_KEY_UIApplicationSceneManifest_Generation = YES;
				INFOPLIST_KEY_UIApplicationSupportsIndirectInputEvents = YES;
				INFOPLIST_KEY_UILaunchScreen_Generation = YES;
				INFOPLIST_KEY_UISupportedInterfaceOrientations_iPad = "UIInterfaceOrientationPortrait UIInterfaceOrientationPortraitUpsideDown UIInterfaceOrientationLandscapeLeft UIInterfaceOrientationLandscapeRight";
				INFOPLIST_KEY_UISupportedInterfaceOrientations_iPhone = "UIInterfaceOrientationPortrait UIInterfaceOrientationLandscapeLeft UIInterfaceOrientationLandscapeRight";
				LD_RUNPATH_SEARCH_PATHS = (
					"$(inherited)",
					"@executable_path/Frameworks",
				);
				MARKETING_VERSION = 1.0;
				PRODUCT_BUNDLE_IDENTIFIER = com.hosonuma.sakki.sotsugyou;
				PRODUCT_NAME = "$(TARGET_NAME)";
				PROVISIONING_PROFILE_SPECIFIER = "";
				SWIFT_EMIT_LOC_STRINGS = YES;
				SWIFT_VERSION = 5.0;
				TARGETED_DEVICE_FAMILY = "1,2";
			};
			name = Release;
		};
		728EFB2D2AEE1C15008C079B /* Debug */ = {
			isa = XCBuildConfiguration;
			buildSettings = {
				ALWAYS_EMBED_SWIFT_STANDARD_LIBRARIES = YES;
				BUNDLE_LOADER = "$(TEST_HOST)";
				CODE_SIGN_STYLE = Automatic;
				CURRENT_PROJECT_VERSION = 1;
				GENERATE_INFOPLIST_FILE = YES;
				IPHONEOS_DEPLOYMENT_TARGET = 17.0;
				MARKETING_VERSION = 1.0;
				PRODUCT_BUNDLE_IDENTIFIER = com.hosonuma.sakki.sotsugyoTests;
				PRODUCT_NAME = "$(TARGET_NAME)";
				SWIFT_EMIT_LOC_STRINGS = NO;
				SWIFT_VERSION = 5.0;
				TARGETED_DEVICE_FAMILY = "1,2";
				TEST_HOST = "$(BUILT_PRODUCTS_DIR)/sotsugyo.app/$(BUNDLE_EXECUTABLE_FOLDER_PATH)/sotsugyo";
			};
			name = Debug;
		};
		728EFB2E2AEE1C15008C079B /* Release */ = {
			isa = XCBuildConfiguration;
			buildSettings = {
				ALWAYS_EMBED_SWIFT_STANDARD_LIBRARIES = YES;
				BUNDLE_LOADER = "$(TEST_HOST)";
				CODE_SIGN_STYLE = Automatic;
				CURRENT_PROJECT_VERSION = 1;
				GENERATE_INFOPLIST_FILE = YES;
				IPHONEOS_DEPLOYMENT_TARGET = 17.0;
				MARKETING_VERSION = 1.0;
				PRODUCT_BUNDLE_IDENTIFIER = com.hosonuma.sakki.sotsugyoTests;
				PRODUCT_NAME = "$(TARGET_NAME)";
				SWIFT_EMIT_LOC_STRINGS = NO;
				SWIFT_VERSION = 5.0;
				TARGETED_DEVICE_FAMILY = "1,2";
				TEST_HOST = "$(BUILT_PRODUCTS_DIR)/sotsugyo.app/$(BUNDLE_EXECUTABLE_FOLDER_PATH)/sotsugyo";
			};
			name = Release;
		};
		728EFB302AEE1C15008C079B /* Debug */ = {
			isa = XCBuildConfiguration;
			buildSettings = {
				ALWAYS_EMBED_SWIFT_STANDARD_LIBRARIES = YES;
				CODE_SIGN_STYLE = Automatic;
				CURRENT_PROJECT_VERSION = 1;
				GENERATE_INFOPLIST_FILE = YES;
				MARKETING_VERSION = 1.0;
				PRODUCT_BUNDLE_IDENTIFIER = com.hosonuma.sakki.sotsugyoUITests;
				PRODUCT_NAME = "$(TARGET_NAME)";
				SWIFT_EMIT_LOC_STRINGS = NO;
				SWIFT_VERSION = 5.0;
				TARGETED_DEVICE_FAMILY = "1,2";
				TEST_TARGET_NAME = sotsugyo;
			};
			name = Debug;
		};
		728EFB312AEE1C15008C079B /* Release */ = {
			isa = XCBuildConfiguration;
			buildSettings = {
				ALWAYS_EMBED_SWIFT_STANDARD_LIBRARIES = YES;
				CODE_SIGN_STYLE = Automatic;
				CURRENT_PROJECT_VERSION = 1;
				GENERATE_INFOPLIST_FILE = YES;
				MARKETING_VERSION = 1.0;
				PRODUCT_BUNDLE_IDENTIFIER = com.hosonuma.sakki.sotsugyoUITests;
				PRODUCT_NAME = "$(TARGET_NAME)";
				SWIFT_EMIT_LOC_STRINGS = NO;
				SWIFT_VERSION = 5.0;
				TARGETED_DEVICE_FAMILY = "1,2";
				TEST_TARGET_NAME = sotsugyo;
			};
			name = Release;
		};
/* End XCBuildConfiguration section */

/* Begin XCConfigurationList section */
		728EFB002AEE1C10008C079B /* Build configuration list for PBXProject "sotsugyo" */ = {
			isa = XCConfigurationList;
			buildConfigurations = (
				728EFB272AEE1C15008C079B /* Debug */,
				728EFB282AEE1C15008C079B /* Release */,
			);
			defaultConfigurationIsVisible = 0;
			defaultConfigurationName = Release;
		};
		728EFB292AEE1C15008C079B /* Build configuration list for PBXNativeTarget "sotsugyo" */ = {
			isa = XCConfigurationList;
			buildConfigurations = (
				728EFB2A2AEE1C15008C079B /* Debug */,
				728EFB2B2AEE1C15008C079B /* Release */,
			);
			defaultConfigurationIsVisible = 0;
			defaultConfigurationName = Release;
		};
		728EFB2C2AEE1C15008C079B /* Build configuration list for PBXNativeTarget "sotsugyoTests" */ = {
			isa = XCConfigurationList;
			buildConfigurations = (
				728EFB2D2AEE1C15008C079B /* Debug */,
				728EFB2E2AEE1C15008C079B /* Release */,
			);
			defaultConfigurationIsVisible = 0;
			defaultConfigurationName = Release;
		};
		728EFB2F2AEE1C15008C079B /* Build configuration list for PBXNativeTarget "sotsugyoUITests" */ = {
			isa = XCConfigurationList;
			buildConfigurations = (
				728EFB302AEE1C15008C079B /* Debug */,
				728EFB312AEE1C15008C079B /* Release */,
			);
			defaultConfigurationIsVisible = 0;
			defaultConfigurationName = Release;
		};
/* End XCConfigurationList section */

/* Begin XCRemoteSwiftPackageReference section */
		7209E38B2B12EBD200FC44D3 /* XCRemoteSwiftPackageReference "Nuke" */ = {
			isa = XCRemoteSwiftPackageReference;
			repositoryURL = "https://github.com/kean/Nuke";
			requirement = {
				branch = main;
				kind = branch;
			};
		};
		7223A54C2B2567DE009D6704 /* XCRemoteSwiftPackageReference "Kingfisher" */ = {
			isa = XCRemoteSwiftPackageReference;
			repositoryURL = "https://github.com/onevcat/Kingfisher";
			requirement = {
				kind = upToNextMajorVersion;
				minimumVersion = 7.10.1;
			};
		};
		728EFB322AEE2E4A008C079B /* XCRemoteSwiftPackageReference "firebase-ios-sdk" */ = {
			isa = XCRemoteSwiftPackageReference;
			repositoryURL = "https://github.com/firebase/firebase-ios-sdk";
			requirement = {
				kind = upToNextMajorVersion;
				minimumVersion = 10.16.0;
			};
		};
		728EFB412AEE2FF2008C079B /* XCRemoteSwiftPackageReference "FirebaseUI-iOS" */ = {
			isa = XCRemoteSwiftPackageReference;
			repositoryURL = "https://github.com/firebase/FirebaseUI-iOS.git";
			requirement = {
				branch = Master;
				kind = branch;
			};
		};
		72F985652B17FD8200FEEC05 /* XCRemoteSwiftPackageReference "Alamofire" */ = {
			isa = XCRemoteSwiftPackageReference;
			repositoryURL = "https://github.com/Alamofire/Alamofire.git";
			requirement = {
				kind = upToNextMajorVersion;
				minimumVersion = 5.8.1;
			};
		};
		72F985682B19880800FEEC05 /* XCRemoteSwiftPackageReference "url-image" */ = {
			isa = XCRemoteSwiftPackageReference;
			repositoryURL = "https://github.com/dmytro-anokhin/url-image";
			requirement = {
				kind = upToNextMajorVersion;
				minimumVersion = 3.1.1;
			};
		};
/* End XCRemoteSwiftPackageReference section */

/* Begin XCSwiftPackageProductDependency section */
		7209E38C2B12EBD200FC44D3 /* Nuke */ = {
			isa = XCSwiftPackageProductDependency;
			package = 7209E38B2B12EBD200FC44D3 /* XCRemoteSwiftPackageReference "Nuke" */;
			productName = Nuke;
		};
		7209E38E2B12EBD200FC44D3 /* NukeExtensions */ = {
			isa = XCSwiftPackageProductDependency;
			package = 7209E38B2B12EBD200FC44D3 /* XCRemoteSwiftPackageReference "Nuke" */;
			productName = NukeExtensions;
		};
		7209E3902B12EBD200FC44D3 /* NukeUI */ = {
			isa = XCSwiftPackageProductDependency;
			package = 7209E38B2B12EBD200FC44D3 /* XCRemoteSwiftPackageReference "Nuke" */;
			productName = NukeUI;
		};
		7209E3922B12EBD200FC44D3 /* NukeVideo */ = {
			isa = XCSwiftPackageProductDependency;
			package = 7209E38B2B12EBD200FC44D3 /* XCRemoteSwiftPackageReference "Nuke" */;
			productName = NukeVideo;
		};
		7223A54D2B2567DF009D6704 /* Kingfisher */ = {
			isa = XCSwiftPackageProductDependency;
			package = 7223A54C2B2567DE009D6704 /* XCRemoteSwiftPackageReference "Kingfisher" */;
			productName = Kingfisher;
		};
		728EFB332AEE2E4A008C079B /* FirebaseAuth */ = {
			isa = XCSwiftPackageProductDependency;
			package = 728EFB322AEE2E4A008C079B /* XCRemoteSwiftPackageReference "firebase-ios-sdk" */;
			productName = FirebaseAuth;
		};
		728EFB352AEE2E4A008C079B /* FirebaseAuthCombine-Community */ = {
			isa = XCSwiftPackageProductDependency;
			package = 728EFB322AEE2E4A008C079B /* XCRemoteSwiftPackageReference "firebase-ios-sdk" */;
			productName = "FirebaseAuthCombine-Community";
		};
		728EFB372AEE2E4A008C079B /* FirebaseFirestore */ = {
			isa = XCSwiftPackageProductDependency;
			package = 728EFB322AEE2E4A008C079B /* XCRemoteSwiftPackageReference "firebase-ios-sdk" */;
			productName = FirebaseFirestore;
		};
		728EFB392AEE2E4A008C079B /* FirebaseFirestoreCombine-Community */ = {
			isa = XCSwiftPackageProductDependency;
			package = 728EFB322AEE2E4A008C079B /* XCRemoteSwiftPackageReference "firebase-ios-sdk" */;
			productName = "FirebaseFirestoreCombine-Community";
		};
		728EFB3B2AEE2E4A008C079B /* FirebaseFirestoreSwift */ = {
			isa = XCSwiftPackageProductDependency;
			package = 728EFB322AEE2E4A008C079B /* XCRemoteSwiftPackageReference "firebase-ios-sdk" */;
			productName = FirebaseFirestoreSwift;
		};
		728EFB3D2AEE2E4A008C079B /* FirebaseStorage */ = {
			isa = XCSwiftPackageProductDependency;
			package = 728EFB322AEE2E4A008C079B /* XCRemoteSwiftPackageReference "firebase-ios-sdk" */;
			productName = FirebaseStorage;
		};
		728EFB3F2AEE2E4A008C079B /* FirebaseStorageCombine-Community */ = {
			isa = XCSwiftPackageProductDependency;
			package = 728EFB322AEE2E4A008C079B /* XCRemoteSwiftPackageReference "firebase-ios-sdk" */;
			productName = "FirebaseStorageCombine-Community";
		};
		728EFB422AEE2FF2008C079B /* FirebaseAuthUI */ = {
			isa = XCSwiftPackageProductDependency;
			package = 728EFB412AEE2FF2008C079B /* XCRemoteSwiftPackageReference "FirebaseUI-iOS" */;
			productName = FirebaseAuthUI;
		};
		728EFB442AEE2FF2008C079B /* FirebaseEmailAuthUI */ = {
			isa = XCSwiftPackageProductDependency;
			package = 728EFB412AEE2FF2008C079B /* XCRemoteSwiftPackageReference "FirebaseUI-iOS" */;
			productName = FirebaseEmailAuthUI;
		};
		728EFB462AEE2FF2008C079B /* FirebaseFirestoreUI */ = {
			isa = XCSwiftPackageProductDependency;
			package = 728EFB412AEE2FF2008C079B /* XCRemoteSwiftPackageReference "FirebaseUI-iOS" */;
			productName = FirebaseFirestoreUI;
		};
		728EFB482AEE2FF2008C079B /* FirebaseGoogleAuthUI */ = {
			isa = XCSwiftPackageProductDependency;
			package = 728EFB412AEE2FF2008C079B /* XCRemoteSwiftPackageReference "FirebaseUI-iOS" */;
			productName = FirebaseGoogleAuthUI;
		};
		728EFB4A2AEE2FF2008C079B /* FirebaseOAuthUI */ = {
			isa = XCSwiftPackageProductDependency;
			package = 728EFB412AEE2FF2008C079B /* XCRemoteSwiftPackageReference "FirebaseUI-iOS" */;
			productName = FirebaseOAuthUI;
		};
		728EFB4C2AEE2FF2008C079B /* FirebaseStorageUI */ = {
			isa = XCSwiftPackageProductDependency;
			package = 728EFB412AEE2FF2008C079B /* XCRemoteSwiftPackageReference "FirebaseUI-iOS" */;
			productName = FirebaseStorageUI;
		};
		72F985662B17FD8200FEEC05 /* Alamofire */ = {
			isa = XCSwiftPackageProductDependency;
			package = 72F985652B17FD8200FEEC05 /* XCRemoteSwiftPackageReference "Alamofire" */;
			productName = Alamofire;
		};
		72F985692B19880800FEEC05 /* URLImage */ = {
			isa = XCSwiftPackageProductDependency;
			package = 72F985682B19880800FEEC05 /* XCRemoteSwiftPackageReference "url-image" */;
			productName = URLImage;
		};
		72F9856B2B19880800FEEC05 /* URLImageStore */ = {
			isa = XCSwiftPackageProductDependency;
			package = 72F985682B19880800FEEC05 /* XCRemoteSwiftPackageReference "url-image" */;
			productName = URLImageStore;
		};
/* End XCSwiftPackageProductDependency section */
	};
	rootObject = 728EFAFD2AEE1C10008C079B /* Project object */;
}
